// !$*UTF8*$!
{
	archiveVersion = 1;
	classes = {
	};
	objectVersion = 55;
	objects = {

/* Begin PBXBuildFile section */
		04EC615718EE893F2D8F7D8C /* RNPFramework.xcframework in Embed Frameworks */ = {isa = PBXBuildFile; fileRef = DD1763A41E1D7FAA45325DF3 /* RNPFramework.xcframework */; settings = {ATTRIBUTES = (CodeSignOnCopy, RemoveHeadersOnCopy, ); }; };
		0A786852E497990EF1B7EC0D /* LicensesView.swift in Sources */ = {isa = PBXBuildFile; fileRef = D7F15FAC74F11C17A481229F /* LicensesView.swift */; };
		1EA4CD8D67D36E8FCC08669A /* PrivacyInfo.xcprivacy in Resources */ = {isa = PBXBuildFile; fileRef = 8E4B1A2E2A5E3AC27E295006 /* PrivacyInfo.xcprivacy */; };
		28F770227CACA2BDEC4D0190 /* RNPFramework.xcframework in Frameworks */ = {isa = PBXBuildFile; fileRef = DD1763A41E1D7FAA45325DF3 /* RNPFramework.xcframework */; };
		4154CB77A5FAA4E0A86D6020 /* PrivacyInfo.xcprivacy in Resources */ = {isa = PBXBuildFile; fileRef = 2DE025D99CCB37F3A7B57444 /* PrivacyInfo.xcprivacy */; };
		5D19619FE8621311F0402F37 /* RNPFramework.xcframework in Embed Frameworks */ = {isa = PBXBuildFile; fileRef = DD1763A41E1D7FAA45325DF3 /* RNPFramework.xcframework */; settings = {ATTRIBUTES = (CodeSignOnCopy, RemoveHeadersOnCopy, ); }; };
		7201B9EA7C3ED6CB28C4818A /* RNPFramework.xcframework in Frameworks */ = {isa = PBXBuildFile; fileRef = DD1763A41E1D7FAA45325DF3 /* RNPFramework.xcframework */; };
		73B34FF249AAE87BFD5C4BE6 /* UniformTypeIdentifiers.framework in Frameworks */ = {isa = PBXBuildFile; fileRef = 2E9DEABC233D4FE30C5A5150 /* UniformTypeIdentifiers.framework */; };
		89D5174051747C352D8BE078 /* Ribose_containerUITests.swift in Sources */ = {isa = PBXBuildFile; fileRef = BD8C3F584EC5EDB6BF983F76 /* Ribose_containerUITests.swift */; };
		8FA94A049D51D12E96C274DF /* Cocoa.framework in Frameworks */ = {isa = PBXBuildFile; fileRef = EAFFEC46C22FE2A0FBFA3E4E /* Cocoa.framework */; };
		AA1000000000000000000001 /* main.swift in Sources */ = {isa = PBXBuildFile; fileRef = AA2000000000000000000001 /* main.swift */; };
		AA1000000000000000000002 /* MailExtension.swift in Sources */ = {isa = PBXBuildFile; fileRef = AA2000000000000000000003 /* MailExtension.swift */; };
		AA1000000000000000000003 /* MessageSecurityHandler.swift in Sources */ = {isa = PBXBuildFile; fileRef = AA2000000000000000000004 /* MessageSecurityHandler.swift */; };
		AA1000000000000000000004 /* MessageSecurityViewController.swift in Sources */ = {isa = PBXBuildFile; fileRef = AA2000000000000000000005 /* MessageSecurityViewController.swift */; };
		AA1000000000000000000007 /* MailExtensionsContainerApp.swift in Sources */ = {isa = PBXBuildFile; fileRef = AA2000000000000000000008 /* MailExtensionsContainerApp.swift */; };
		AA1000000000000000000008 /* KeysManager.swift in Sources */ = {isa = PBXBuildFile; fileRef = AA2000000000000000000009 /* KeysManager.swift */; };
		AA1000000000000000000009 /* ContentView.swift in Sources */ = {isa = PBXBuildFile; fileRef = AA200000000000000000000A /* ContentView.swift */; };
		AA100000000000000000000A /* ContentViewModel.swift in Sources */ = {isa = PBXBuildFile; fileRef = AA200000000000000000000B /* ContentViewModel.swift */; };
		AA100000000000000000000B /* KeysListView.swift in Sources */ = {isa = PBXBuildFile; fileRef = AA200000000000000000000C /* KeysListView.swift */; };
		0A786852E497990EF1B7EC0E /* RoadmapNavigationCoordinator.swift in Sources */ = {isa = PBXBuildFile; fileRef = 0A786852E497990EF1B7EC0F /* RoadmapNavigationCoordinator.swift */; };
		AA100000000000000000000E /* RNP.icns in Resources */ = {isa = PBXBuildFile; fileRef = AA200000000000000000000D /* RNP.icns */; };
		AA1000000000000000000010 /* MailPlugin.appex in Embed App Extensions */ = {isa = PBXBuildFile; fileRef = AA5000000000000000000002 /* MailPlugin.appex */; settings = {ATTRIBUTES = (RemoveHeadersOnCopy, ); }; };
		AA1000000000000000000011 /* Rnp in Frameworks */ = {isa = PBXBuildFile; productRef = AAC000000000000000000001 /* Rnp */; };
		AA1000000000000000000012 /* Rnp in Frameworks */ = {isa = PBXBuildFile; productRef = AAC000000000000000000002 /* Rnp */; };
		AA1000000000000000000013 /* MailSecurityEngine in Frameworks */ = {isa = PBXBuildFile; productRef = AAC000000000000000000003 /* MailSecurityEngine */; };
		AA1000000000000000000014 /* Rnp in Frameworks */ = {isa = PBXBuildFile; productRef = AAC000000000000000000004 /* Rnp */; };
		AA1000000000000000000015 /* MailSecurityEngine in Frameworks */ = {isa = PBXBuildFile; productRef = AAC000000000000000000005 /* MailSecurityEngine */; };
		AA1000000000000000000016 /* MailSecurityUI in Frameworks */ = {isa = PBXBuildFile; productRef = AAC000000000000000000006 /* MailSecurityUI */; };
		AA1000000000000000000017 /* TrustStore in Frameworks */ = {isa = PBXBuildFile; productRef = AAC000000000000000000007 /* TrustStore */; };
		AA1000000000000000000018 /* TrustStore in Frameworks */ = {isa = PBXBuildFile; productRef = AAC000000000000000000008 /* TrustStore */; };
		AA1000000000000000000019 /* KeyLifecycle in Frameworks */ = {isa = PBXBuildFile; productRef = AAC000000000000000000009 /* KeyLifecycle */; };
		BACC21F1B5C280E89ED28324 /* RNPFramework.xcframework in Frameworks */ = {isa = PBXBuildFile; fileRef = DD1763A41E1D7FAA45325DF3 /* RNPFramework.xcframework */; };
		BCE9DEEC1A8574B8FB8ED852 /* Localizable.xcstrings in Resources */ = {isa = PBXBuildFile; fileRef = DFB75871C424635C7D11D05F /* Localizable.xcstrings */; };
		C064BE73C1FFFC3D228D25F0 /* RnpMailUI in Frameworks */ = {isa = PBXBuildFile; productRef = F7F139FFDED467A772241EBC /* RnpMailUI */; };
		FF2EA18F19C918877853D1FF /* SOURCES.md in Resources */ = {isa = PBXBuildFile; fileRef = 87CD88529F4C4270DBA7A051 /* SOURCES.md */; };
/* End PBXBuildFile section */

/* Begin PBXContainerItemProxy section */
		AA7000000000000000000001 /* PBXContainerItemProxy */ = {
			isa = PBXContainerItemProxy;
			containerPortal = AA787CCB0000000000000001 /* Project object */;
			proxyType = 1;
			remoteGlobalIDString = AA4000000000000000000002;
			remoteInfo = MailPlugin;
		};
		B76D8635E6FF7500BF107865 /* PBXContainerItemProxy */ = {
			isa = PBXContainerItemProxy;
			containerPortal = AA787CCB0000000000000001 /* Project object */;
			proxyType = 1;
			remoteGlobalIDString = AA4000000000000000000003;
			remoteInfo = RNP;
		};
/* End PBXContainerItemProxy section */

/* Begin PBXCopyFilesBuildPhase section */
		232B06F813EBB91858CB876E /* Embed Frameworks */ = {
			isa = PBXCopyFilesBuildPhase;
			buildActionMask = 2147483647;
			dstPath = "";
			dstSubfolderSpec = 10;
			files = (
				04EC615718EE893F2D8F7D8C /* RNPFramework.xcframework in Embed Frameworks */,
			);
			name = "Embed Frameworks";
			runOnlyForDeploymentPostprocessing = 0;
		};
		AA6000000000000000000009 /* Embed App Extensions */ = {
			isa = PBXCopyFilesBuildPhase;
			buildActionMask = 2147483647;
			dstPath = "";
			dstSubfolderSpec = 13;
			files = (
				AA1000000000000000000010 /* MailPlugin.appex in Embed App Extensions */,
			);
			name = "Embed App Extensions";
			runOnlyForDeploymentPostprocessing = 0;
		};
		D95CD644CD44761316187E70 /* Embed Frameworks */ = {
			isa = PBXCopyFilesBuildPhase;
			buildActionMask = 2147483647;
			dstPath = "";
			dstSubfolderSpec = 10;
			files = (
				5D19619FE8621311F0402F37 /* RNPFramework.xcframework in Embed Frameworks */,
			);
			name = "Embed Frameworks";
			runOnlyForDeploymentPostprocessing = 0;
		};
/* End PBXCopyFilesBuildPhase section */

/* Begin PBXFileReference section */
		08B0CCA210850092A9DCB536 /* Direct.xcconfig */ = {isa = PBXFileReference; includeInIndex = 1; lastKnownFileType = text.xcconfig; name = Direct.xcconfig; path = Config/Direct.xcconfig; sourceTree = "<group>"; };
		218F37638DBA8A9CAFF9CC2B /* AppStore.entitlements */ = {isa = PBXFileReference; includeInIndex = 1; lastKnownFileType = text.plist.entitlements; path = AppStore.entitlements; sourceTree = "<group>"; };
		2DE025D99CCB37F3A7B57444 /* PrivacyInfo.xcprivacy */ = {isa = PBXFileReference; includeInIndex = 1; path = PrivacyInfo.xcprivacy; sourceTree = "<group>"; };
		2E9DEABC233D4FE30C5A5150 /* UniformTypeIdentifiers.framework */ = {isa = PBXFileReference; lastKnownFileType = wrapper.framework; path = UniformTypeIdentifiers.framework; sourceTree = "<group>"; };
		3EDEA75247AF59D64D6E4190 /* Direct.entitlements */ = {isa = PBXFileReference; includeInIndex = 1; lastKnownFileType = text.plist.entitlements; path = Direct.entitlements; sourceTree = "<group>"; };
		5A5F6629466BFE8ADAFAD979 /* Info.plist */ = {isa = PBXFileReference; includeInIndex = 1; lastKnownFileType = text.plist.xml; path = Info.plist; sourceTree = "<group>"; };
		77171E1123EB570168AF4541 /* IDs.xcconfig */ = {isa = PBXFileReference; includeInIndex = 1; lastKnownFileType = text.xcconfig; path = IDs.xcconfig; sourceTree = "<group>"; };
		87CD88529F4C4270DBA7A051 /* SOURCES.md */ = {isa = PBXFileReference; includeInIndex = 1; lastKnownFileType = net.daringfireball.markdown; name = SOURCES.md; path = ../../Vendor/SOURCES.md; sourceTree = "<group>"; };
		8E4B1A2E2A5E3AC27E295006 /* PrivacyInfo.xcprivacy */ = {isa = PBXFileReference; includeInIndex = 1; path = PrivacyInfo.xcprivacy; sourceTree = "<group>"; };
		AA2000000000000000000001 /* main.swift */ = {isa = PBXFileReference; lastKnownFileType = sourcecode.swift; path = main.swift; sourceTree = "<group>"; };
		AA2000000000000000000002 /* librnp.xcconfig */ = {isa = PBXFileReference; lastKnownFileType = text.xcconfig; path = librnp.xcconfig; sourceTree = "<group>"; };
		AA2000000000000000000003 /* MailExtension.swift */ = {isa = PBXFileReference; lastKnownFileType = sourcecode.swift; path = MailExtension.swift; sourceTree = "<group>"; };
		AA2000000000000000000004 /* MessageSecurityHandler.swift */ = {isa = PBXFileReference; lastKnownFileType = sourcecode.swift; path = MessageSecurityHandler.swift; sourceTree = "<group>"; };
		AA2000000000000000000005 /* MessageSecurityViewController.swift */ = {isa = PBXFileReference; lastKnownFileType = sourcecode.swift; path = MessageSecurityViewController.swift; sourceTree = "<group>"; };
		AA2000000000000000000006 /* Info.plist */ = {isa = PBXFileReference; lastKnownFileType = text.plist.xml; path = Info.plist; sourceTree = "<group>"; };
		AA2000000000000000000008 /* MailExtensionsContainerApp.swift */ = {isa = PBXFileReference; lastKnownFileType = sourcecode.swift; path = MailExtensionsContainerApp.swift; sourceTree = "<group>"; };
		AA2000000000000000000009 /* KeysManager.swift */ = {isa = PBXFileReference; lastKnownFileType = sourcecode.swift; path = KeysManager.swift; sourceTree = "<group>"; };
		AA200000000000000000000A /* ContentView.swift */ = {isa = PBXFileReference; lastKnownFileType = sourcecode.swift; path = ContentView.swift; sourceTree = "<group>"; };
		AA200000000000000000000B /* ContentViewModel.swift */ = {isa = PBXFileReference; lastKnownFileType = sourcecode.swift; path = ContentViewModel.swift; sourceTree = "<group>"; };
		AA200000000000000000000C /* KeysListView.swift */ = {isa = PBXFileReference; lastKnownFileType = sourcecode.swift; path = KeysListView.swift; sourceTree = "<group>"; };
		0A786852E497990EF1B7EC0F /* RoadmapNavigationCoordinator.swift */ = {isa = PBXFileReference; lastKnownFileType = sourcecode.swift; path = RoadmapNavigationCoordinator.swift; sourceTree = "<group>"; };
		AA200000000000000000000D /* RNP.icns */ = {isa = PBXFileReference; lastKnownFileType = image.icns; path = "Resources/RNP.icns"; sourceTree = "<group>"; };
		AA2000000000000000000010 /* AppGroup.swift */ = {isa = PBXFileReference; lastKnownFileType = sourcecode.swift; name = AppGroup.swift; path = ../../Sources/MailSecurityEngine/AppGroup.swift; sourceTree = "<group>"; };
		AA2000000000000000000011 /* KeychainPassphraseStore.swift */ = {isa = PBXFileReference; lastKnownFileType = sourcecode.swift; name = KeychainPassphraseStore.swift; path = ../../Sources/MailSecurityEngine/KeychainPassphraseStore.swift; sourceTree = "<group>"; };
		AA5000000000000000000001 /* Swift-Rnp */ = {isa = PBXFileReference; explicitFileType = "compiled.mach-o.executable"; includeInIndex = 0; path = "Swift-Rnp"; sourceTree = BUILT_PRODUCTS_DIR; };
		AA5000000000000000000002 /* MailPlugin.appex */ = {isa = PBXFileReference; explicitFileType = "wrapper.app-extension"; includeInIndex = 0; path = MailPlugin.appex; sourceTree = BUILT_PRODUCTS_DIR; };
		AA5000000000000000000003 /* RNP.app */ = {isa = PBXFileReference; explicitFileType = wrapper.application; includeInIndex = 0; path = RNP.app; sourceTree = BUILT_PRODUCTS_DIR; };
		AD1480B5CAD3FF9C8EC9FB44 /* Version.xcconfig */ = {isa = PBXFileReference; includeInIndex = 1; lastKnownFileType = text.xcconfig; name = Version.xcconfig; path = Config/Version.xcconfig; sourceTree = "<group>"; };
		B0DF31866344739AFF3A2A9D /* Ribose containerUITests.xctest */ = {isa = PBXFileReference; explicitFileType = wrapper.cfbundle; includeInIndex = 0; path = "Ribose containerUITests.xctest"; sourceTree = BUILT_PRODUCTS_DIR; };
		B7393B9F8268ACF79B23A289 /* AppStore.xcconfig */ = {isa = PBXFileReference; includeInIndex = 1; lastKnownFileType = text.xcconfig; name = AppStore.xcconfig; path = Config/AppStore.xcconfig; sourceTree = "<group>"; };
		BD8C3F584EC5EDB6BF983F76 /* Ribose_containerUITests.swift */ = {isa = PBXFileReference; includeInIndex = 1; lastKnownFileType = sourcecode.swift; path = Ribose_containerUITests.swift; sourceTree = "<group>"; };
		CE6C0C248289BC53D25EB04C /* RNPFramework.xcconfig */ = {isa = PBXFileReference; includeInIndex = 1; lastKnownFileType = text.xcconfig; path = RNPFramework.xcconfig; sourceTree = "<group>"; };
		D7F15FAC74F11C17A481229F /* LicensesView.swift */ = {isa = PBXFileReference; includeInIndex = 1; lastKnownFileType = sourcecode.swift; name = LicensesView.swift; path = Licenses/LicensesView.swift; sourceTree = "<group>"; };
		DD1763A41E1D7FAA45325DF3 /* RNPFramework.xcframework */ = {isa = PBXFileReference; includeInIndex = 1; lastKnownFileType = wrapper.xcframework; name = RNPFramework.xcframework; path = ../Vendor/RNPFramework.xcframework; sourceTree = "<group>"; };
		DFB75871C424635C7D11D05F /* Localizable.xcstrings */ = {isa = PBXFileReference; includeInIndex = 1; lastKnownFileType = text.json.xcstrings; name = Localizable.xcstrings; path = Resources/Localizable.xcstrings; sourceTree = "<group>"; };
		EAFFEC46C22FE2A0FBFA3E4E /* Cocoa.framework */ = {isa = PBXFileReference; lastKnownFileType = wrapper.framework; name = Cocoa.framework; path = Platforms/MacOSX.platform/Developer/SDKs/MacOSX26.0.sdk/System/Library/Frameworks/Cocoa.framework; sourceTree = DEVELOPER_DIR; };
		EF97ABD297996C4EA5033642 /* AppStore.entitlements */ = {isa = PBXFileReference; includeInIndex = 1; lastKnownFileType = text.plist.entitlements; path = AppStore.entitlements; sourceTree = "<group>"; };
		F1B5C106AE83671ABFEEFD4A /* Direct.entitlements */ = {isa = PBXFileReference; includeInIndex = 1; lastKnownFileType = text.plist.entitlements; path = Direct.entitlements; sourceTree = "<group>"; };
/* End PBXFileReference section */

/* Begin PBXFrameworksBuildPhase section */
		4AF0AB61188B29E9BB5EE08D /* Frameworks */ = {
			isa = PBXFrameworksBuildPhase;
			buildActionMask = 2147483647;
			files = (
				8FA94A049D51D12E96C274DF /* Cocoa.framework in Frameworks */,
			);
			runOnlyForDeploymentPostprocessing = 0;
		};
		AA6000000000000000000002 /* Frameworks */ = {
			isa = PBXFrameworksBuildPhase;
			buildActionMask = 2147483647;
			files = (
				AA1000000000000000000011 /* Rnp in Frameworks */,
				28F770227CACA2BDEC4D0190 /* RNPFramework.xcframework in Frameworks */,
			);
			runOnlyForDeploymentPostprocessing = 0;
		};
		AA6000000000000000000004 /* Frameworks */ = {
			isa = PBXFrameworksBuildPhase;
			buildActionMask = 2147483647;
			files = (
				AA1000000000000000000012 /* Rnp in Frameworks */,
				AA1000000000000000000013 /* MailSecurityEngine in Frameworks */,
				AA1000000000000000000016 /* MailSecurityUI in Frameworks */,
				AA1000000000000000000017 /* TrustStore in Frameworks */,
				BACC21F1B5C280E89ED28324 /* RNPFramework.xcframework in Frameworks */,
			);
			runOnlyForDeploymentPostprocessing = 0;
		};
		AA6000000000000000000007 /* Frameworks */ = {
			isa = PBXFrameworksBuildPhase;
			buildActionMask = 2147483647;
			files = (
				AA1000000000000000000014 /* Rnp in Frameworks */,
				AA1000000000000000000015 /* MailSecurityEngine in Frameworks */,
				7201B9EA7C3ED6CB28C4818A /* RNPFramework.xcframework in Frameworks */,
				C064BE73C1FFFC3D228D25F0 /* RnpMailUI in Frameworks */,
				AA1000000000000000000018 /* TrustStore in Frameworks */,
				AA1000000000000000000019 /* KeyLifecycle in Frameworks */,
				73B34FF249AAE87BFD5C4BE6 /* UniformTypeIdentifiers.framework in Frameworks */,
			);
			runOnlyForDeploymentPostprocessing = 0;
		};
/* End PBXFrameworksBuildPhase section */

/* Begin PBXGroup section */
		1568869A2FB764000596C6B8 /* Ribose containerUITests */ = {
			isa = PBXGroup;
			children = (
				BD8C3F584EC5EDB6BF983F76 /* Ribose_containerUITests.swift */,
			);
			name = "Ribose containerUITests";
			path = "Ribose containerUITests";
			sourceTree = "<group>";
		};
		36AF7617F543DF15DF4C5336 /* Licenses */ = {
			isa = PBXGroup;
			children = (
				D7F15FAC74F11C17A481229F /* LicensesView.swift */,
			);
			name = Licenses;
			sourceTree = "<group>";
		};
		51FB8105ABEB26CD98FCDC6E /* Resources */ = {
			isa = PBXGroup;
			children = (
				DFB75871C424635C7D11D05F /* Localizable.xcstrings */,
				87CD88529F4C4270DBA7A051 /* SOURCES.md */,
			);
			name = Resources;
			sourceTree = "<group>";
		};
		6ED18A7A336EF9F552F5B902 /* OS X */ = {
			isa = PBXGroup;
			children = (
				EAFFEC46C22FE2A0FBFA3E4E /* Cocoa.framework */,
			);
			name = "OS X";
			sourceTree = "<group>";
		};
		83D422EEE84562769B515115 /* Frameworks */ = {
			isa = PBXGroup;
			children = (
				2E9DEABC233D4FE30C5A5150 /* UniformTypeIdentifiers.framework */,
				6ED18A7A336EF9F552F5B902 /* OS X */,
			);
			name = Frameworks;
			sourceTree = "<group>";
		};
		AA3000000000000000000001 = {
			isa = PBXGroup;
			children = (
				AA2000000000000000000002 /* librnp.xcconfig */,
				AA300000000000000000000B /* Shared */,
				AA3000000000000000000003 /* Swift-Rnp */,
				AA3000000000000000000004 /* MailPlugin */,
				AA3000000000000000000005 /* MailExtensionsContainer */,
				AA3000000000000000000002 /* Products */,
				DD1763A41E1D7FAA45325DF3 /* RNPFramework.xcframework */,
				D1FD6E190D06FD101DB4D932 /* Config */,
				83D422EEE84562769B515115 /* Frameworks */,
				1568869A2FB764000596C6B8 /* Ribose containerUITests */,
			);
			sourceTree = "<group>";
		};
		AA3000000000000000000002 /* Products */ = {
			isa = PBXGroup;
			children = (
				AA5000000000000000000001 /* Swift-Rnp */,
				AA5000000000000000000002 /* MailPlugin.appex */,
				AA5000000000000000000003 /* RNP.app */,
				B0DF31866344739AFF3A2A9D /* Ribose containerUITests.xctest */,
			);
			name = Products;
			sourceTree = "<group>";
		};
		AA3000000000000000000003 /* Swift-Rnp */ = {
			isa = PBXGroup;
			children = (
				AA2000000000000000000001 /* main.swift */,
			);
			path = "Swift-Rnp";
			sourceTree = "<group>";
		};
		AA3000000000000000000004 /* MailPlugin */ = {
			isa = PBXGroup;
			children = (
				AA2000000000000000000003 /* MailExtension.swift */,
				AA2000000000000000000004 /* MessageSecurityHandler.swift */,
				AA2000000000000000000005 /* MessageSecurityViewController.swift */,
				AA2000000000000000000006 /* Info.plist */,
				3EDEA75247AF59D64D6E4190 /* Direct.entitlements */,
				EF97ABD297996C4EA5033642 /* AppStore.entitlements */,
				8E4B1A2E2A5E3AC27E295006 /* PrivacyInfo.xcprivacy */,
			);
			path = MailPlugin;
			sourceTree = "<group>";
		};
		AA3000000000000000000005 /* MailExtensionsContainer */ = {
			isa = PBXGroup;
			children = (
				AA3000000000000000000006 /* Model */,
				AA3000000000000000000007 /* View */,
				AA2000000000000000000008 /* MailExtensionsContainerApp.swift */,
				AA200000000000000000000D /* RNP.icns */,
				AA300000000000000000000A /* Preview Content */,
				F1B5C106AE83671ABFEEFD4A /* Direct.entitlements */,
				218F37638DBA8A9CAFF9CC2B /* AppStore.entitlements */,
				2DE025D99CCB37F3A7B57444 /* PrivacyInfo.xcprivacy */,
				5A5F6629466BFE8ADAFAD979 /* Info.plist */,
				51FB8105ABEB26CD98FCDC6E /* Resources */,
			);
			path = MailExtensionsContainer;
			sourceTree = "<group>";
		};
		AA3000000000000000000006 /* Model */ = {
			isa = PBXGroup;
			children = (
				AA2000000000000000000009 /* KeysManager.swift */,
			);
			path = Model;
			sourceTree = "<group>";
		};
		AA3000000000000000000007 /* View */ = {
			isa = PBXGroup;
			children = (
				AA3000000000000000000008 /* ContentView */,
				AA3000000000000000000009 /* KeysList */,
				36AF7617F543DF15DF4C5336 /* Licenses */,
				1AB23456789ABCDEF0123011 /* RoadmapNavigationCoordinator */,
			);
			path = View;
			sourceTree = "<group>";
		};
		AA3000000000000000000008 /* ContentView */ = {
			isa = PBXGroup;
			children = (
				AA200000000000000000000A /* ContentView.swift */,
				AA200000000000000000000B /* ContentViewModel.swift */,
			);
			path = ContentView;
			sourceTree = "<group>";
		};
		AA3000000000000000000009 /* KeysList */ = {
			isa = PBXGroup;
			children = (
				AA200000000000000000000C /* KeysListView.swift */,
			);
			path = KeysList;
			sourceTree = "<group>";
		};
		1AB23456789ABCDEF0123011 /* RoadmapNavigationCoordinator */ = {
			isa = PBXGroup;
			children = (
				0A786852E497990EF1B7EC0F /* RoadmapNavigationCoordinator.swift */,
			);
			path = RoadmapNavigationCoordinator;
			sourceTree = "<group>";
		};
		AA300000000000000000000A /* Preview Content */ = {
			isa = PBXGroup;
			children = (
			);
			path = "Preview Content";
			sourceTree = "<group>";
		};
		AA300000000000000000000B /* Shared */ = {
			isa = PBXGroup;
			children = (
				AA2000000000000000000010 /* AppGroup.swift */,
				AA2000000000000000000011 /* KeychainPassphraseStore.swift */,
				CE6C0C248289BC53D25EB04C /* RNPFramework.xcconfig */,
				77171E1123EB570168AF4541 /* IDs.xcconfig */,
			);
			path = Shared;
			sourceTree = "<group>";
		};
		D1FD6E190D06FD101DB4D932 /* Config */ = {
			isa = PBXGroup;
			children = (
				08B0CCA210850092A9DCB536 /* Direct.xcconfig */,
				B7393B9F8268ACF79B23A289 /* AppStore.xcconfig */,
				AD1480B5CAD3FF9C8EC9FB44 /* Version.xcconfig */,
			);
			name = Config;
			sourceTree = "<group>";
		};
/* End PBXGroup section */

/* Begin PBXNativeTarget section */
		AA4000000000000000000001 /* Swift-Rnp */ = {
			isa = PBXNativeTarget;
			buildConfigurationList = AA9000000000000000000002 /* Build configuration list for PBXNativeTarget "Swift-Rnp" */;
			buildPhases = (
				AA6000000000000000000001 /* Sources */,
				AA6000000000000000000002 /* Frameworks */,
			);
			buildRules = (
			);
			dependencies = (
			);
			name = "Swift-Rnp";
			packageProductDependencies = (
				AAC000000000000000000001 /* Rnp */,
			);
			productName = "Swift-Rnp";
			productReference = AA5000000000000000000001 /* Swift-Rnp */;
			productType = "com.apple.product-type.tool";
		};
		AA4000000000000000000002 /* MailPlugin */ = {
			isa = PBXNativeTarget;
			buildConfigurationList = AA9000000000000000000003 /* Build configuration list for PBXNativeTarget "MailPlugin" */;
			buildPhases = (
				AA6000000000000000000003 /* Sources */,
				AA6000000000000000000004 /* Frameworks */,
				AA6000000000000000000005 /* Resources */,
				232B06F813EBB91858CB876E /* Embed Frameworks */,
			);
			buildRules = (
			);
			dependencies = (
			);
			name = MailPlugin;
			packageProductDependencies = (
				AAC000000000000000000002 /* Rnp */,
				AAC000000000000000000003 /* MailSecurityEngine */,
				AAC000000000000000000006 /* MailSecurityUI */,
				AAC000000000000000000007 /* TrustStore */,
			);
			productName = MailPlugin;
			productReference = AA5000000000000000000002 /* MailPlugin.appex */;
			productType = "com.apple.product-type.app-extension";
		};
		AA4000000000000000000003 /* RNP */ = {
			isa = PBXNativeTarget;
			buildConfigurationList = AA9000000000000000000004 /* Build configuration list for PBXNativeTarget "RNP" */;
			buildPhases = (
				AA6000000000000000000006 /* Sources */,
				AA6000000000000000000007 /* Frameworks */,
				AA6000000000000000000008 /* Resources */,
				AA6000000000000000000009 /* Embed App Extensions */,
				D95CD644CD44761316187E70 /* Embed Frameworks */,
			);
			buildRules = (
			);
			dependencies = (
				AA7000000000000000000002 /* PBXTargetDependency */,
			);
			name = RNP;
			packageProductDependencies = (
				AAC000000000000000000004 /* Rnp */,
				AAC000000000000000000005 /* MailSecurityEngine */,
				F7F139FFDED467A772241EBC /* RnpMailUI */,
				AAC000000000000000000008 /* TrustStore */,
				AAC000000000000000000009 /* KeyLifecycle */,
			);
			productName = RNP;
			productReference = AA5000000000000000000003 /* RNP.app */;
			productType = "com.apple.product-type.application";
		};
		C11C7952369D291DC9FDE728 /* Ribose containerUITests */ = {
			isa = PBXNativeTarget;
			buildConfigurationList = C566C95BE16BCCBDF784AF06 /* Build configuration list for PBXNativeTarget "Ribose containerUITests" */;
			buildPhases = (
				3393EA908C261233D2581D01 /* Sources */,
				4AF0AB61188B29E9BB5EE08D /* Frameworks */,
				83F3B756581461D380F5A946 /* Resources */,
			);
			buildRules = (
			);
			dependencies = (
				5E712690EADF3649661F8F54 /* PBXTargetDependency */,
			);
			name = "Ribose containerUITests";
			productName = "Ribose containerUITests";
			productReference = B0DF31866344739AFF3A2A9D /* Ribose containerUITests.xctest */;
			productType = "com.apple.product-type.bundle.ui-testing";
		};
/* End PBXNativeTarget section */

/* Begin PBXProject section */
		AA787CCB0000000000000001 /* Project object */ = {
			isa = PBXProject;
			attributes = {
				BuildIndependentTargetsInParallel = 1;
				LastSwiftUpdateCheck = 1500;
				LastUpgradeCheck = 1500;
				TargetAttributes = {
					AA4000000000000000000001 = {
						CreatedOnToolsVersion = 13.1;
						LastSwiftMigration = 1310;
					};
					AA4000000000000000000002 = {
						CreatedOnToolsVersion = 13.1;
					};
					AA4000000000000000000003 = {
						CreatedOnToolsVersion = 13.1;
					};
				};
			};
			buildConfigurationList = AA9000000000000000000001 /* Build configuration list for PBXProject "Swift-Rnp" */;
			compatibilityVersion = "Xcode 13.0";
			developmentRegion = en;
			hasScannedForEncodings = 0;
			knownRegions = (
				en,
				Base,
			);
			mainGroup = AA3000000000000000000001;
			packageReferences = (
				AAB000000000000000000001 /* XCLocalSwiftPackageReference ".." */,
			);
			productRefGroup = AA3000000000000000000002 /* Products */;
			projectDirPath = "";
			projectRoot = "";
			targets = (
				AA4000000000000000000001 /* Swift-Rnp */,
				AA4000000000000000000002 /* MailPlugin */,
				AA4000000000000000000003 /* RNP */,
				C11C7952369D291DC9FDE728 /* Ribose containerUITests */,
			);
		};
/* End PBXProject section */

/* Begin PBXResourcesBuildPhase section */
		83F3B756581461D380F5A946 /* Resources */ = {
			isa = PBXResourcesBuildPhase;
			buildActionMask = 2147483647;
			files = (
			);
			runOnlyForDeploymentPostprocessing = 0;
		};
		AA6000000000000000000005 /* Resources */ = {
			isa = PBXResourcesBuildPhase;
			buildActionMask = 2147483647;
			files = (
				1EA4CD8D67D36E8FCC08669A /* PrivacyInfo.xcprivacy in Resources */,
			);
			runOnlyForDeploymentPostprocessing = 0;
		};
		AA6000000000000000000008 /* Resources */ = {
			isa = PBXResourcesBuildPhase;
			buildActionMask = 2147483647;
			files = (
				AA100000000000000000000E /* RNP.icns in Resources */,
				4154CB77A5FAA4E0A86D6020 /* PrivacyInfo.xcprivacy in Resources */,
				BCE9DEEC1A8574B8FB8ED852 /* Localizable.xcstrings in Resources */,
				FF2EA18F19C918877853D1FF /* SOURCES.md in Resources */,
			);
			runOnlyForDeploymentPostprocessing = 0;
		};
/* End PBXResourcesBuildPhase section */

/* Begin PBXSourcesBuildPhase section */
		3393EA908C261233D2581D01 /* Sources */ = {
			isa = PBXSourcesBuildPhase;
			buildActionMask = 2147483647;
			files = (
				89D5174051747C352D8BE078 /* Ribose_containerUITests.swift in Sources */,
			);
			runOnlyForDeploymentPostprocessing = 0;
		};
		AA6000000000000000000001 /* Sources */ = {
			isa = PBXSourcesBuildPhase;
			buildActionMask = 2147483647;
			files = (
				AA1000000000000000000001 /* main.swift in Sources */,
			);
			runOnlyForDeploymentPostprocessing = 0;
		};
		AA6000000000000000000003 /* Sources */ = {
			isa = PBXSourcesBuildPhase;
			buildActionMask = 2147483647;
			files = (
				AA1000000000000000000002 /* MailExtension.swift in Sources */,
				AA1000000000000000000003 /* MessageSecurityHandler.swift in Sources */,
				AA1000000000000000000004 /* MessageSecurityViewController.swift in Sources */,
			);
			runOnlyForDeploymentPostprocessing = 0;
		};
		AA6000000000000000000006 /* Sources */ = {
			isa = PBXSourcesBuildPhase;
			buildActionMask = 2147483647;
			files = (
				AA1000000000000000000007 /* MailExtensionsContainerApp.swift in Sources */,
				AA1000000000000000000008 /* KeysManager.swift in Sources */,
				AA1000000000000000000009 /* ContentView.swift in Sources */,
				AA100000000000000000000A /* ContentViewModel.swift in Sources */,
				AA100000000000000000000B /* KeysListView.swift in Sources */,
				0A786852E497990EF1B7EC0D /* LicensesView.swift in Sources */,
				0A786852E497990EF1B7EC0E /* RoadmapNavigationCoordinator.swift in Sources */,
			);
			runOnlyForDeploymentPostprocessing = 0;
		};
/* End PBXSourcesBuildPhase section */

/* Begin PBXTargetDependency section */
		5E712690EADF3649661F8F54 /* PBXTargetDependency */ = {
			isa = PBXTargetDependency;
			name = RNP;
			target = AA4000000000000000000003 /* RNP */;
			targetProxy = B76D8635E6FF7500BF107865 /* PBXContainerItemProxy */;
		};
		AA7000000000000000000002 /* PBXTargetDependency */ = {
			isa = PBXTargetDependency;
			target = AA4000000000000000000002 /* MailPlugin */;
			targetProxy = AA7000000000000000000001 /* PBXContainerItemProxy */;
		};
/* End PBXTargetDependency section */

/* Begin XCBuildConfiguration section */
		1A4E8564AF6AA6F80100963D /* Direct */ = {
			isa = XCBuildConfiguration;
			buildSettings = {
				APPLICATION_EXTENSION_API_ONLY = YES;
				CODE_SIGN_ENTITLEMENTS = MailPlugin/Direct.entitlements;
				CODE_SIGN_STYLE = Manual;
				COMBINE_HIDPI_IMAGES = YES;
				FRAMEWORK_SEARCH_PATHS = (
					"$(inherited)",
					"$(RNPFRAMEWORK_SEARCH_PATHS)",
				);
				GENERATE_INFOPLIST_FILE = YES;
				INFOPLIST_FILE = MailPlugin/Info.plist;
				INFOPLIST_KEY_CFBundleDisplayName = "RNP OpenPGP";
				INFOPLIST_KEY_NSHumanReadableCopyright = "";
				LD_RUNPATH_SEARCH_PATHS = "$(inherited)";
				PRODUCT_BUNDLE_IDENTIFIER = com.rnpgp.RNPForMail.MailExtension;
				PRODUCT_NAME = "$(TARGET_NAME)";
				SKIP_INSTALL = YES;
				SWIFT_EMIT_LOC_STRINGS = YES;
				SWIFT_VERSION = 5.0;
			};
			name = Direct;
		};
		1EFE3883392AEE6D159EB242 /* Direct */ = {
			isa = XCBuildConfiguration;
			buildSettings = {
				CODE_SIGN_ENTITLEMENTS = MailExtensionsContainer/Direct.entitlements;
				CODE_SIGN_STYLE = Manual;
				COMBINE_HIDPI_IMAGES = YES;
				ENABLE_PREVIEWS = YES;
				FRAMEWORK_SEARCH_PATHS = (
					"$(inherited)",
					"$(RNPFRAMEWORK_SEARCH_PATHS)",
				);
				GENERATE_INFOPLIST_FILE = YES;
				INFOPLIST_FILE = MailExtensionsContainer/Info.plist;
				INFOPLIST_KEY_LSApplicationCategoryType = "public.app-category.utilities";
				INFOPLIST_KEY_NSHumanReadableCopyright = "";
				LD_RUNPATH_SEARCH_PATHS = "$(inherited)";
				PRODUCT_BUNDLE_IDENTIFIER = com.rnpgp.RNPForMail;
				PRODUCT_NAME = RNP;
				SWIFT_EMIT_LOC_STRINGS = YES;
				SWIFT_MAIN = YES;
				SWIFT_VERSION = 5.0;
			};
			name = Direct;
		};
		2518961D477068B77FC00BC8 /* Direct */ = {
			isa = XCBuildConfiguration;
			buildSettings = {
				CLANG_ENABLE_MODULES = YES;
				CODE_SIGN_STYLE = Automatic;
				FRAMEWORK_SEARCH_PATHS = (
					"$(inherited)",
					"$(RNPFRAMEWORK_SEARCH_PATHS)",
				);
				LD_RUNPATH_SEARCH_PATHS = "$(inherited)";
				PRODUCT_NAME = "$(TARGET_NAME)";
				SWIFT_VERSION = 5.0;
			};
			name = Direct;
		};
		51AF907481105A1AE23C17DA /* Direct */ = {
			isa = XCBuildConfiguration;
			baseConfigurationReference = 08B0CCA210850092A9DCB536 /* Direct.xcconfig */;
			buildSettings = {
				ALWAYS_SEARCH_USER_PATHS = NO;
				CLANG_ANALYZER_NONNULL = YES;
				CLANG_ANALYZER_NUMBER_OBJECT_CONVERSION = YES_AGGRESSIVE;
				CLANG_CXX_LANGUAGE_STANDARD = "gnu++17";
				CLANG_CXX_LIBRARY = "libc++";
				CLANG_ENABLE_MODULES = YES;
				CLANG_ENABLE_OBJC_ARC = YES;
				CLANG_ENABLE_OBJC_WEAK = YES;
				CLANG_WARN_BLOCK_CAPTURE_AUTORELEASING = YES;
				CLANG_WARN_BOOL_CONVERSION = YES;
				CLANG_WARN_COMMA = YES;
				CLANG_WARN_CONSTANT_CONVERSION = YES;
				CLANG_WARN_DEPRECATED_OBJC_IMPLEMENTATIONS = YES;
				CLANG_WARN_DIRECT_OBJC_ISA_USAGE = YES_ERROR;
				CLANG_WARN_DOCUMENTATION_COMMENTS = YES;
				CLANG_WARN_EMPTY_BODY = YES;
				CLANG_WARN_ENUM_CONVERSION = YES;
				CLANG_WARN_INFINITE_RECURSION = YES;
				CLANG_WARN_INT_CONVERSION = YES;
				CLANG_WARN_NON_LITERAL_NULL_CONVERSION = YES;
				CLANG_WARN_OBJC_IMPLICIT_RETAIN_SELF = YES;
				CLANG_WARN_OBJC_LITERAL_CONVERSION = YES;
				CLANG_WARN_OBJC_ROOT_CLASS = YES_ERROR;
				CLANG_WARN_QUOTED_INCLUDE_IN_FRAMEWORK_HEADER = YES;
				CLANG_WARN_RANGE_LOOP_ANALYSIS = YES;
				CLANG_WARN_STRICT_PROTOTYPES = YES;
				CLANG_WARN_SUSPICIOUS_MOVE = YES;
				CLANG_WARN_UNGUARDED_AVAILABILITY = YES_AGGRESSIVE;
				CLANG_WARN_UNREACHABLE_CODE = YES;
				CLANG_WARN__DUPLICATE_METHOD_MATCH = YES;
				COPY_PHASE_STRIP = NO;
				DEBUG_INFORMATION_FORMAT = "dwarf-with-dsym";
				ENABLE_NS_ASSERTIONS = NO;
				ENABLE_STRICT_OBJC_MSGSEND = YES;
				GCC_C_LANGUAGE_STANDARD = gnu11;
				GCC_NO_COMMON_BLOCKS = YES;
				GCC_WARN_64_TO_32_BIT_CONVERSION = YES;
				GCC_WARN_ABOUT_RETURN_TYPE = YES_ERROR;
				GCC_WARN_UNDECLARED_SELECTOR = YES;
				GCC_WARN_UNINITIALIZED_AUTOS = YES_AGGRESSIVE;
				GCC_WARN_UNUSED_FUNCTION = YES;
				GCC_WARN_UNUSED_VARIABLE = YES;
				MACOSX_DEPLOYMENT_TARGET = 14.0;
				MTL_ENABLE_DEBUG_INFO = NO;
				MTL_FAST_MATH = YES;
				SDKROOT = macosx;
				SWIFT_COMPILATION_MODE = wholemodule;
				SWIFT_OPTIMIZATION_LEVEL = "-O";
			};
			name = Direct;
		};
		5FF9D74CA5F64F7024A9FA0C /* Release */ = {
			isa = XCBuildConfiguration;
			buildSettings = {
				CODE_SIGNING_ALLOWED = YES;
				CODE_SIGN_IDENTITY = "-";
				GENERATE_INFOPLIST_FILE = YES;
				MACOSX_DEPLOYMENT_TARGET = 14.0;
				PRODUCT_BUNDLE_IDENTIFIER = com.rnpgp.RNPForMail.UITests;
				PRODUCT_NAME = "Ribose containerUITests";
				SDKROOT = macosx;
				SWIFT_VERSION = 5.0;
				TEST_TARGET_NAME = RNP;
				USES_XCTRUNNER = YES;
			};
			name = Release;
		};
		78E7508BB0ADD4F1EF4A859F /* AppStore */ = {
			isa = XCBuildConfiguration;
			buildSettings = {
				CLANG_ENABLE_MODULES = YES;
				CODE_SIGN_STYLE = Automatic;
				FRAMEWORK_SEARCH_PATHS = (
					"$(inherited)",
					"$(RNPFRAMEWORK_SEARCH_PATHS)",
				);
				LD_RUNPATH_SEARCH_PATHS = "$(inherited)";
				PRODUCT_NAME = "$(TARGET_NAME)";
				SWIFT_VERSION = 5.0;
			};
			name = AppStore;
		};
		90264AB3832F43511F485410 /* Debug */ = {
			isa = XCBuildConfiguration;
			buildSettings = {
				CODE_SIGNING_ALLOWED = YES;
				CODE_SIGN_IDENTITY = "-";
				GENERATE_INFOPLIST_FILE = YES;
				MACOSX_DEPLOYMENT_TARGET = 14.0;
				PRODUCT_BUNDLE_IDENTIFIER = com.rnpgp.RNPForMail.UITests;
				PRODUCT_NAME = "Ribose containerUITests";
				SDKROOT = macosx;
				SWIFT_VERSION = 5.0;
				TEST_TARGET_NAME = RNP;
				USES_XCTRUNNER = YES;
			};
			name = Debug;
		};
		AA8000000000000000000001 /* Debug */ = {
			isa = XCBuildConfiguration;
			baseConfigurationReference = AD1480B5CAD3FF9C8EC9FB44 /* Version.xcconfig */;
			buildSettings = {
				ALWAYS_SEARCH_USER_PATHS = NO;
				CLANG_ANALYZER_NONNULL = YES;
				CLANG_ANALYZER_NUMBER_OBJECT_CONVERSION = YES_AGGRESSIVE;
				CLANG_CXX_LANGUAGE_STANDARD = "gnu++17";
				CLANG_CXX_LIBRARY = "libc++";
				CLANG_ENABLE_MODULES = YES;
				CLANG_ENABLE_OBJC_ARC = YES;
				CLANG_ENABLE_OBJC_WEAK = YES;
				CLANG_WARN_BLOCK_CAPTURE_AUTORELEASING = YES;
				CLANG_WARN_BOOL_CONVERSION = YES;
				CLANG_WARN_COMMA = YES;
				CLANG_WARN_CONSTANT_CONVERSION = YES;
				CLANG_WARN_DEPRECATED_OBJC_IMPLEMENTATIONS = YES;
				CLANG_WARN_DIRECT_OBJC_ISA_USAGE = YES_ERROR;
				CLANG_WARN_DOCUMENTATION_COMMENTS = YES;
				CLANG_WARN_EMPTY_BODY = YES;
				CLANG_WARN_ENUM_CONVERSION = YES;
				CLANG_WARN_INFINITE_RECURSION = YES;
				CLANG_WARN_INT_CONVERSION = YES;
				CLANG_WARN_NON_LITERAL_NULL_CONVERSION = YES;
				CLANG_WARN_OBJC_IMPLICIT_RETAIN_SELF = YES;
				CLANG_WARN_OBJC_LITERAL_CONVERSION = YES;
				CLANG_WARN_OBJC_ROOT_CLASS = YES_ERROR;
				CLANG_WARN_QUOTED_INCLUDE_IN_FRAMEWORK_HEADER = YES;
				CLANG_WARN_RANGE_LOOP_ANALYSIS = YES;
				CLANG_WARN_STRICT_PROTOTYPES = YES;
				CLANG_WARN_SUSPICIOUS_MOVE = YES;
				CLANG_WARN_UNGUARDED_AVAILABILITY = YES_AGGRESSIVE;
				CLANG_WARN_UNREACHABLE_CODE = YES;
				CLANG_WARN__DUPLICATE_METHOD_MATCH = YES;
				COPY_PHASE_STRIP = NO;
				DEBUG_INFORMATION_FORMAT = dwarf;
				ENABLE_STRICT_OBJC_MSGSEND = YES;
				ENABLE_TESTABILITY = YES;
				GCC_C_LANGUAGE_STANDARD = gnu11;
				GCC_DYNAMIC_NO_PIC = NO;
				GCC_NO_COMMON_BLOCKS = YES;
				GCC_OPTIMIZATION_LEVEL = 0;
				GCC_PREPROCESSOR_DEFINITIONS = (
					"DEBUG=1",
					"$(inherited)",
				);
				GCC_WARN_64_TO_32_BIT_CONVERSION = YES;
				GCC_WARN_ABOUT_RETURN_TYPE = YES_ERROR;
				GCC_WARN_UNDECLARED_SELECTOR = YES;
				GCC_WARN_UNINITIALIZED_AUTOS = YES_AGGRESSIVE;
				GCC_WARN_UNUSED_FUNCTION = YES;
				GCC_WARN_UNUSED_VARIABLE = YES;
				MACOSX_DEPLOYMENT_TARGET = 14.0;
				MTL_ENABLE_DEBUG_INFO = INCLUDE_SOURCE;
				MTL_FAST_MATH = YES;
				ONLY_ACTIVE_ARCH = YES;
				SDKROOT = macosx;
				SWIFT_ACTIVE_COMPILATION_CONDITIONS = DEBUG;
				SWIFT_OPTIMIZATION_LEVEL = "-Onone";
			};
			name = Debug;
		};
		AA8000000000000000000002 /* Release */ = {
			isa = XCBuildConfiguration;
			baseConfigurationReference = AD1480B5CAD3FF9C8EC9FB44 /* Version.xcconfig */;
			buildSettings = {
				ALWAYS_SEARCH_USER_PATHS = NO;
				CLANG_ANALYZER_NONNULL = YES;
				CLANG_ANALYZER_NUMBER_OBJECT_CONVERSION = YES_AGGRESSIVE;
				CLANG_CXX_LANGUAGE_STANDARD = "gnu++17";
				CLANG_CXX_LIBRARY = "libc++";
				CLANG_ENABLE_MODULES = YES;
				CLANG_ENABLE_OBJC_ARC = YES;
				CLANG_ENABLE_OBJC_WEAK = YES;
				CLANG_WARN_BLOCK_CAPTURE_AUTORELEASING = YES;
				CLANG_WARN_BOOL_CONVERSION = YES;
				CLANG_WARN_COMMA = YES;
				CLANG_WARN_CONSTANT_CONVERSION = YES;
				CLANG_WARN_DEPRECATED_OBJC_IMPLEMENTATIONS = YES;
				CLANG_WARN_DIRECT_OBJC_ISA_USAGE = YES_ERROR;
				CLANG_WARN_DOCUMENTATION_COMMENTS = YES;
				CLANG_WARN_EMPTY_BODY = YES;
				CLANG_WARN_ENUM_CONVERSION = YES;
				CLANG_WARN_INFINITE_RECURSION = YES;
				CLANG_WARN_INT_CONVERSION = YES;
				CLANG_WARN_NON_LITERAL_NULL_CONVERSION = YES;
				CLANG_WARN_OBJC_IMPLICIT_RETAIN_SELF = YES;
				CLANG_WARN_OBJC_LITERAL_CONVERSION = YES;
				CLANG_WARN_OBJC_ROOT_CLASS = YES_ERROR;
				CLANG_WARN_QUOTED_INCLUDE_IN_FRAMEWORK_HEADER = YES;
				CLANG_WARN_RANGE_LOOP_ANALYSIS = YES;
				CLANG_WARN_STRICT_PROTOTYPES = YES;
				CLANG_WARN_SUSPICIOUS_MOVE = YES;
				CLANG_WARN_UNGUARDED_AVAILABILITY = YES_AGGRESSIVE;
				CLANG_WARN_UNREACHABLE_CODE = YES;
				CLANG_WARN__DUPLICATE_METHOD_MATCH = YES;
				COPY_PHASE_STRIP = NO;
				DEBUG_INFORMATION_FORMAT = "dwarf-with-dsym";
				ENABLE_NS_ASSERTIONS = NO;
				ENABLE_STRICT_OBJC_MSGSEND = YES;
				GCC_C_LANGUAGE_STANDARD = gnu11;
				GCC_NO_COMMON_BLOCKS = YES;
				GCC_WARN_64_TO_32_BIT_CONVERSION = YES;
				GCC_WARN_ABOUT_RETURN_TYPE = YES_ERROR;
				GCC_WARN_UNDECLARED_SELECTOR = YES;
				GCC_WARN_UNINITIALIZED_AUTOS = YES_AGGRESSIVE;
				GCC_WARN_UNUSED_FUNCTION = YES;
				GCC_WARN_UNUSED_VARIABLE = YES;
				MACOSX_DEPLOYMENT_TARGET = 14.0;
				MTL_ENABLE_DEBUG_INFO = NO;
				MTL_FAST_MATH = YES;
				SDKROOT = macosx;
				SWIFT_COMPILATION_MODE = wholemodule;
				SWIFT_OPTIMIZATION_LEVEL = "-O";
			};
			name = Release;
		};
		AA8000000000000000000003 /* Debug */ = {
			isa = XCBuildConfiguration;
			baseConfigurationReference = CE6C0C248289BC53D25EB04C /* RNPFramework.xcconfig */;
			buildSettings = {
				CLANG_ENABLE_MODULES = YES;
				CODE_SIGN_STYLE = Automatic;
				FRAMEWORK_SEARCH_PATHS = (
					"$(inherited)",
					"$(RNPFRAMEWORK_SEARCH_PATHS)",
				);
				LD_RUNPATH_SEARCH_PATHS = "$(inherited)";
				PRODUCT_NAME = "$(TARGET_NAME)";
				SWIFT_OPTIMIZATION_LEVEL = "-Onone";
				SWIFT_VERSION = 5.0;
			};
			name = Debug;
		};
		AA8000000000000000000004 /* Release */ = {
			isa = XCBuildConfiguration;
			baseConfigurationReference = CE6C0C248289BC53D25EB04C /* RNPFramework.xcconfig */;
			buildSettings = {
				CLANG_ENABLE_MODULES = YES;
				CODE_SIGN_STYLE = Automatic;
				FRAMEWORK_SEARCH_PATHS = (
					"$(inherited)",
					"$(RNPFRAMEWORK_SEARCH_PATHS)",
				);
				LD_RUNPATH_SEARCH_PATHS = "$(inherited)";
				PRODUCT_NAME = "$(TARGET_NAME)";
				SWIFT_VERSION = 5.0;
			};
			name = Release;
		};
		AA8000000000000000000005 /* Debug */ = {
			isa = XCBuildConfiguration;
			baseConfigurationReference = CE6C0C248289BC53D25EB04C /* RNPFramework.xcconfig */;
			buildSettings = {
				APPLICATION_EXTENSION_API_ONLY = YES;
				CODE_SIGN_ENTITLEMENTS = MailPlugin/Direct.entitlements;
				CODE_SIGN_STYLE = Automatic;
				COMBINE_HIDPI_IMAGES = YES;
				FRAMEWORK_SEARCH_PATHS = (
					"$(inherited)",
					"$(RNPFRAMEWORK_SEARCH_PATHS)",
				);
				GENERATE_INFOPLIST_FILE = YES;
				INFOPLIST_FILE = MailPlugin/Info.plist;
				INFOPLIST_KEY_CFBundleDisplayName = "RNP OpenPGP";
				INFOPLIST_KEY_NSHumanReadableCopyright = "";
				LD_RUNPATH_SEARCH_PATHS = "$(inherited)";
				PRODUCT_BUNDLE_IDENTIFIER = com.rnpgp.RNPForMail.MailExtension;
				PRODUCT_NAME = "$(TARGET_NAME)";
				SKIP_INSTALL = YES;
				SWIFT_EMIT_LOC_STRINGS = YES;
				SWIFT_VERSION = 5.0;
			};
			name = Debug;
		};
		AA8000000000000000000006 /* Release */ = {
			isa = XCBuildConfiguration;
			baseConfigurationReference = CE6C0C248289BC53D25EB04C /* RNPFramework.xcconfig */;
			buildSettings = {
				APPLICATION_EXTENSION_API_ONLY = YES;
				CODE_SIGN_ENTITLEMENTS = MailPlugin/Direct.entitlements;
				CODE_SIGN_STYLE = Automatic;
				COMBINE_HIDPI_IMAGES = YES;
				FRAMEWORK_SEARCH_PATHS = (
					"$(inherited)",
					"$(RNPFRAMEWORK_SEARCH_PATHS)",
				);
				GENERATE_INFOPLIST_FILE = YES;
				INFOPLIST_FILE = MailPlugin/Info.plist;
				INFOPLIST_KEY_CFBundleDisplayName = "RNP OpenPGP";
				INFOPLIST_KEY_NSHumanReadableCopyright = "";
				LD_RUNPATH_SEARCH_PATHS = "$(inherited)";
				PRODUCT_BUNDLE_IDENTIFIER = com.rnpgp.RNPForMail.MailExtension;
				PRODUCT_NAME = "$(TARGET_NAME)";
				SKIP_INSTALL = YES;
				SWIFT_EMIT_LOC_STRINGS = YES;
				SWIFT_VERSION = 5.0;
			};
			name = Release;
		};
		AA8000000000000000000007 /* Debug */ = {
			isa = XCBuildConfiguration;
			baseConfigurationReference = CE6C0C248289BC53D25EB04C /* RNPFramework.xcconfig */;
			buildSettings = {
				CODE_SIGN_ENTITLEMENTS = MailExtensionsContainer/Direct.entitlements;
				CODE_SIGN_STYLE = Automatic;
				COMBINE_HIDPI_IMAGES = YES;
				ENABLE_PREVIEWS = YES;
				FRAMEWORK_SEARCH_PATHS = (
					"$(inherited)",
					"$(RNPFRAMEWORK_SEARCH_PATHS)",
				);
				GENERATE_INFOPLIST_FILE = YES;
				INFOPLIST_FILE = MailExtensionsContainer/Info.plist;
				INFOPLIST_KEY_LSApplicationCategoryType = "public.app-category.utilities";
				INFOPLIST_KEY_NSHumanReadableCopyright = "";
				LD_RUNPATH_SEARCH_PATHS = "$(inherited)";
				PRODUCT_BUNDLE_IDENTIFIER = com.rnpgp.RNPForMail;
				PRODUCT_NAME = RNP;
				SWIFT_EMIT_LOC_STRINGS = YES;
				SWIFT_MAIN = YES;
				SWIFT_VERSION = 5.0;
			};
			name = Debug;
		};
		AA8000000000000000000008 /* Release */ = {
			isa = XCBuildConfiguration;
			baseConfigurationReference = CE6C0C248289BC53D25EB04C /* RNPFramework.xcconfig */;
			buildSettings = {
				CODE_SIGN_ENTITLEMENTS = MailExtensionsContainer/Direct.entitlements;
				CODE_SIGN_STYLE = Automatic;
				COMBINE_HIDPI_IMAGES = YES;
				ENABLE_PREVIEWS = YES;
				FRAMEWORK_SEARCH_PATHS = (
					"$(inherited)",
					"$(RNPFRAMEWORK_SEARCH_PATHS)",
				);
				GENERATE_INFOPLIST_FILE = YES;
				INFOPLIST_FILE = MailExtensionsContainer/Info.plist;
				INFOPLIST_KEY_LSApplicationCategoryType = "public.app-category.utilities";
				INFOPLIST_KEY_NSHumanReadableCopyright = "";
				LD_RUNPATH_SEARCH_PATHS = "$(inherited)";
				PRODUCT_BUNDLE_IDENTIFIER = com.rnpgp.RNPForMail;
				PRODUCT_NAME = RNP;
				SWIFT_EMIT_LOC_STRINGS = YES;
				SWIFT_MAIN = YES;
				SWIFT_VERSION = 5.0;
			};
			name = Release;
		};
		B319BD4BBFB02890BB17C816 /* AppStore */ = {
			isa = XCBuildConfiguration;
			buildSettings = {
				APPLICATION_EXTENSION_API_ONLY = YES;
				CODE_SIGN_ENTITLEMENTS = MailPlugin/AppStore.entitlements;
				CODE_SIGN_STYLE = Manual;
				COMBINE_HIDPI_IMAGES = YES;
				FRAMEWORK_SEARCH_PATHS = (
					"$(inherited)",
					"$(RNPFRAMEWORK_SEARCH_PATHS)",
				);
				GENERATE_INFOPLIST_FILE = YES;
				INFOPLIST_FILE = MailPlugin/Info.plist;
				INFOPLIST_KEY_CFBundleDisplayName = "RNP OpenPGP";
				INFOPLIST_KEY_NSHumanReadableCopyright = "";
				LD_RUNPATH_SEARCH_PATHS = "$(inherited)";
				PRODUCT_BUNDLE_IDENTIFIER = com.rnpgp.RNPForMail.MailExtension;
				PRODUCT_NAME = "$(TARGET_NAME)";
				SKIP_INSTALL = YES;
				SWIFT_EMIT_LOC_STRINGS = YES;
				SWIFT_VERSION = 5.0;
			};
			name = AppStore;
		};
		D53856F8CE8E958F0CE571C7 /* AppStore */ = {
			isa = XCBuildConfiguration;
			buildSettings = {
				CODE_SIGNING_ALLOWED = YES;
				CODE_SIGN_IDENTITY = "-";
				GENERATE_INFOPLIST_FILE = YES;
				MACOSX_DEPLOYMENT_TARGET = 14.0;
				PRODUCT_BUNDLE_IDENTIFIER = com.rnpgp.RNPForMail.UITests;
				PRODUCT_NAME = "Ribose containerUITests";
				SDKROOT = macosx;
				SWIFT_VERSION = 5.0;
				TEST_TARGET_NAME = RNP;
				USES_XCTRUNNER = YES;
			};
			name = AppStore;
		};
		E0D878249195D085A48A5653 /* AppStore */ = {
			isa = XCBuildConfiguration;
			baseConfigurationReference = B7393B9F8268ACF79B23A289 /* AppStore.xcconfig */;
			buildSettings = {
				ALWAYS_SEARCH_USER_PATHS = NO;
				CLANG_ANALYZER_NONNULL = YES;
				CLANG_ANALYZER_NUMBER_OBJECT_CONVERSION = YES_AGGRESSIVE;
				CLANG_CXX_LANGUAGE_STANDARD = "gnu++17";
				CLANG_CXX_LIBRARY = "libc++";
				CLANG_ENABLE_MODULES = YES;
				CLANG_ENABLE_OBJC_ARC = YES;
				CLANG_ENABLE_OBJC_WEAK = YES;
				CLANG_WARN_BLOCK_CAPTURE_AUTORELEASING = YES;
				CLANG_WARN_BOOL_CONVERSION = YES;
				CLANG_WARN_COMMA = YES;
				CLANG_WARN_CONSTANT_CONVERSION = YES;
				CLANG_WARN_DEPRECATED_OBJC_IMPLEMENTATIONS = YES;
				CLANG_WARN_DIRECT_OBJC_ISA_USAGE = YES_ERROR;
				CLANG_WARN_DOCUMENTATION_COMMENTS = YES;
				CLANG_WARN_EMPTY_BODY = YES;
				CLANG_WARN_ENUM_CONVERSION = YES;
				CLANG_WARN_INFINITE_RECURSION = YES;
				CLANG_WARN_INT_CONVERSION = YES;
				CLANG_WARN_NON_LITERAL_NULL_CONVERSION = YES;
				CLANG_WARN_OBJC_IMPLICIT_RETAIN_SELF = YES;
				CLANG_WARN_OBJC_LITERAL_CONVERSION = YES;
				CLANG_WARN_OBJC_ROOT_CLASS = YES_ERROR;
				CLANG_WARN_QUOTED_INCLUDE_IN_FRAMEWORK_HEADER = YES;
				CLANG_WARN_RANGE_LOOP_ANALYSIS = YES;
				CLANG_WARN_STRICT_PROTOTYPES = YES;
				CLANG_WARN_SUSPICIOUS_MOVE = YES;
				CLANG_WARN_UNGUARDED_AVAILABILITY = YES_AGGRESSIVE;
				CLANG_WARN_UNREACHABLE_CODE = YES;
				CLANG_WARN__DUPLICATE_METHOD_MATCH = YES;
				COPY_PHASE_STRIP = NO;
				DEBUG_INFORMATION_FORMAT = "dwarf-with-dsym";
				ENABLE_NS_ASSERTIONS = NO;
				ENABLE_STRICT_OBJC_MSGSEND = YES;
				GCC_C_LANGUAGE_STANDARD = gnu11;
				GCC_NO_COMMON_BLOCKS = YES;
				GCC_WARN_64_TO_32_BIT_CONVERSION = YES;
				GCC_WARN_ABOUT_RETURN_TYPE = YES_ERROR;
				GCC_WARN_UNDECLARED_SELECTOR = YES;
				GCC_WARN_UNINITIALIZED_AUTOS = YES_AGGRESSIVE;
				GCC_WARN_UNUSED_FUNCTION = YES;
				GCC_WARN_UNUSED_VARIABLE = YES;
				MACOSX_DEPLOYMENT_TARGET = 14.0;
				MTL_ENABLE_DEBUG_INFO = NO;
				MTL_FAST_MATH = YES;
				SDKROOT = macosx;
				SWIFT_COMPILATION_MODE = wholemodule;
				SWIFT_OPTIMIZATION_LEVEL = "-O";
			};
			name = AppStore;
		};
		EDFE0BFC0B52510C474B9D61 /* AppStore */ = {
			isa = XCBuildConfiguration;
			buildSettings = {
				CODE_SIGN_ENTITLEMENTS = MailExtensionsContainer/AppStore.entitlements;
				CODE_SIGN_STYLE = Manual;
				COMBINE_HIDPI_IMAGES = YES;
				ENABLE_PREVIEWS = YES;
				FRAMEWORK_SEARCH_PATHS = (
					"$(inherited)",
					"$(RNPFRAMEWORK_SEARCH_PATHS)",
				);
				GENERATE_INFOPLIST_FILE = YES;
				INFOPLIST_FILE = MailExtensionsContainer/Info.plist;
				INFOPLIST_KEY_LSApplicationCategoryType = "public.app-category.utilities";
				INFOPLIST_KEY_NSHumanReadableCopyright = "";
				LD_RUNPATH_SEARCH_PATHS = "$(inherited)";
				PRODUCT_BUNDLE_IDENTIFIER = com.rnpgp.RNPForMail;
				PRODUCT_NAME = RNP;
				SWIFT_EMIT_LOC_STRINGS = YES;
				SWIFT_MAIN = YES;
				SWIFT_VERSION = 5.0;
			};
			name = AppStore;
		};
		FE4A9E045573D02397B0CCC1 /* Direct */ = {
			isa = XCBuildConfiguration;
			buildSettings = {
				CODE_SIGNING_ALLOWED = YES;
				CODE_SIGN_IDENTITY = "-";
				GENERATE_INFOPLIST_FILE = YES;
				MACOSX_DEPLOYMENT_TARGET = 14.0;
				PRODUCT_BUNDLE_IDENTIFIER = com.rnpgp.RNPForMail.UITests;
				PRODUCT_NAME = "Ribose containerUITests";
				SDKROOT = macosx;
				SWIFT_VERSION = 5.0;
				TEST_TARGET_NAME = RNP;
				USES_XCTRUNNER = YES;
			};
			name = Direct;
		};
/* End XCBuildConfiguration section */

/* Begin XCConfigurationList section */
		AA9000000000000000000001 /* Build configuration list for PBXProject "Swift-Rnp" */ = {
			isa = XCConfigurationList;
			buildConfigurations = (
				AA8000000000000000000001 /* Debug */,
				AA8000000000000000000002 /* Release */,
				51AF907481105A1AE23C17DA /* Direct */,
				E0D878249195D085A48A5653 /* AppStore */,
			);
			defaultConfigurationIsVisible = 0;
			defaultConfigurationName = Release;
		};
		AA9000000000000000000002 /* Build configuration list for PBXNativeTarget "Swift-Rnp" */ = {
			isa = XCConfigurationList;
			buildConfigurations = (
				AA8000000000000000000003 /* Debug */,
				AA8000000000000000000004 /* Release */,
				2518961D477068B77FC00BC8 /* Direct */,
				78E7508BB0ADD4F1EF4A859F /* AppStore */,
			);
			defaultConfigurationIsVisible = 0;
			defaultConfigurationName = Release;
		};
		AA9000000000000000000003 /* Build configuration list for PBXNativeTarget "MailPlugin" */ = {
			isa = XCConfigurationList;
			buildConfigurations = (
				AA8000000000000000000005 /* Debug */,
				AA8000000000000000000006 /* Release */,
				1A4E8564AF6AA6F80100963D /* Direct */,
				B319BD4BBFB02890BB17C816 /* AppStore */,
			);
			defaultConfigurationIsVisible = 0;
			defaultConfigurationName = Release;
		};
		AA9000000000000000000004 /* Build configuration list for PBXNativeTarget "RNP" */ = {
			isa = XCConfigurationList;
			buildConfigurations = (
				AA8000000000000000000007 /* Debug */,
				AA8000000000000000000008 /* Release */,
				1EFE3883392AEE6D159EB242 /* Direct */,
				EDFE0BFC0B52510C474B9D61 /* AppStore */,
			);
			defaultConfigurationIsVisible = 0;
			defaultConfigurationName = Release;
		};
		C566C95BE16BCCBDF784AF06 /* Build configuration list for PBXNativeTarget "Ribose containerUITests" */ = {
			isa = XCConfigurationList;
			buildConfigurations = (
				5FF9D74CA5F64F7024A9FA0C /* Release */,
				90264AB3832F43511F485410 /* Debug */,
				FE4A9E045573D02397B0CCC1 /* Direct */,
				D53856F8CE8E958F0CE571C7 /* AppStore */,
			);
			defaultConfigurationIsVisible = 0;
			defaultConfigurationName = Release;
		};
/* End XCConfigurationList section */

/* Begin XCLocalSwiftPackageReference section */
		AAB000000000000000000001 /* XCLocalSwiftPackageReference ".." */ = {
			isa = XCLocalSwiftPackageReference;
			relativePath = ..;
		};
/* End XCLocalSwiftPackageReference section */

/* Begin XCSwiftPackageProductDependency section */
		AAC000000000000000000001 /* Rnp */ = {
			isa = XCSwiftPackageProductDependency;
			package = AAB000000000000000000001 /* XCLocalSwiftPackageReference ".." */;
			productName = Rnp;
		};
		AAC000000000000000000002 /* Rnp */ = {
			isa = XCSwiftPackageProductDependency;
			package = AAB000000000000000000001 /* XCLocalSwiftPackageReference ".." */;
			productName = Rnp;
		};
		AAC000000000000000000003 /* MailSecurityEngine */ = {
			isa = XCSwiftPackageProductDependency;
			package = AAB000000000000000000001 /* XCLocalSwiftPackageReference ".." */;
			productName = MailSecurityEngine;
		};
		AAC000000000000000000004 /* Rnp */ = {
			isa = XCSwiftPackageProductDependency;
			package = AAB000000000000000000001 /* XCLocalSwiftPackageReference ".." */;
			productName = Rnp;
		};
		AAC000000000000000000005 /* MailSecurityEngine */ = {
			isa = XCSwiftPackageProductDependency;
			package = AAB000000000000000000001 /* XCLocalSwiftPackageReference ".." */;
			productName = MailSecurityEngine;
		};
		AAC000000000000000000006 /* MailSecurityUI */ = {
			isa = XCSwiftPackageProductDependency;
			package = AAB000000000000000000001 /* XCLocalSwiftPackageReference ".." */;
			productName = MailSecurityUI;
		};
		AAC000000000000000000007 /* TrustStore */ = {
			isa = XCSwiftPackageProductDependency;
			package = AAB000000000000000000001 /* XCLocalSwiftPackageReference ".." */;
			productName = TrustStore;
		};
		AAC000000000000000000008 /* TrustStore */ = {
			isa = XCSwiftPackageProductDependency;
			package = AAB000000000000000000001 /* XCLocalSwiftPackageReference ".." */;
			productName = TrustStore;
		};
		AAC000000000000000000009 /* KeyLifecycle */ = {
			isa = XCSwiftPackageProductDependency;
			package = AAB000000000000000000001 /* XCLocalSwiftPackageReference ".." */;
			productName = KeyLifecycle;
		};
		F7F139FFDED467A772241EBC /* RnpMailUI */ = {
			isa = XCSwiftPackageProductDependency;
			package = AAB000000000000000000001 /* XCLocalSwiftPackageReference ".." */;
			productName = RnpMailUI;
		};
/* End XCSwiftPackageProductDependency section */
	};
	rootObject = AA787CCB0000000000000001 /* Project object */;
}
